
Microsoft Visual Studio Solution File, Format Version 12.00
# Visual Studio Version 16
VisualStudioVersion = 16.0.32407.337
MinimumVisualStudioVersion = 10.0.40219.1
Project("{FAE04EC0-301F-11D3-BF4B-00C04F79EFBC}") = "WebApplication1", "WebApplication1\WebApplication1.csproj", "{C2D0A056-6D55-46F2-AF46-33409387D76E}"
EndProject
Project("{9A19103F-16F7-4668-BE54-9A1E7A4F7556}") = "WebApplication1.Repositories", "WebApplication1.Repositories\WebApplication1.Repositories.csproj", "{6284A08A-CD9E-405E-9E2C-663FA83C4723}"
EndProject
Project("{9A19103F-16F7-4668-BE54-9A1E7A4F7556}") = "WebApplication1.Services", "WebApplication1.Services\WebApplication1.Services.csproj", "{1714711C-6B53-4826-A3FF-F845678251F0}"
EndProject
Global
	GlobalSection(SolutionConfigurationPlatforms) = preSolution
		Debug|Any CPU = Debug|Any CPU
		Release|Any CPU = Release|Any CPU
	EndGlobalSection
	GlobalSection(ProjectConfigurationPlatforms) = postSolution
		{C2D0A056-6D55-46F2-AF46-33409387D76E}.Debug|Any CPU.ActiveCfg = Debug|Any CPU
		{C2D0A056-6D55-46F2-AF46-33409387D76E}.Debug|Any CPU.Build.0 = Debug|Any CPU
		{C2D0A056-6D55-46F2-AF46-33409387D76E}.Release|Any CPU.ActiveCfg = Release|Any CPU
		{C2D0A056-6D55-46F2-AF46-33409387D76E}.Release|Any CPU.Build.0 = Release|Any CPU
		{6284A08A-CD9E-405E-9E2C-663FA83C4723}.Debug|Any CPU.ActiveCfg = Debug|Any CPU
		{6284A08A-CD9E-405E-9E2C-663FA83C4723}.Debug|Any CPU.Build.0 = Debug|Any CPU
		{6284A08A-CD9E-405E-9E2C-663FA83C4723}.Release|Any CPU.ActiveCfg = Release|Any CPU
		{6284A08A-CD9E-405E-9E2C-663FA83C4723}.Release|Any CPU.Build.0 = Release|Any CPU
		{1714711C-6B53-4826-A3FF-F845678251F0}.Debug|Any CPU.ActiveCfg = Debug|Any CPU
		{1714711C-6B53-4826-A3FF-F845678251F0}.Debug|Any CPU.Build.0 = Debug|Any CPU
		{1714711C-6B53-4826-A3FF-F845678251F0}.Release|Any CPU.ActiveCfg = Release|Any CPU
		{1714711C-6B53-4826-A3FF-F845678251F0}.Release|Any CPU.Build.0 = Release|Any CPU
	EndGlobalSection
	GlobalSection(SolutionProperties) = preSolution
		HideSolutionNode = FALSE
	EndGlobalSection
	GlobalSection(ExtensibilityGlobals) = postSolution
		SolutionGuid = {B6F308CE-481E-43DE-9F7E-3ED66DD89BD5}
	EndGlobalSection
EndGlobal
